// !$*UTF8*$!
{
	archiveVersion = 1;
	classes = {
	};
	objectVersion = 48;
	objects = {

/* Begin PBXBuildFile section */
		3E6DBCB62011477E00BA2C88 /* AppDelegate.swift in Sources */ = {isa = PBXBuildFile; fileRef = 3E6DBCB52011477E00BA2C88 /* AppDelegate.swift */; };
		3E6DBCB82011477E00BA2C88 /* ViewController.swift in Sources */ = {isa = PBXBuildFile; fileRef = 3E6DBCB72011477E00BA2C88 /* ViewController.swift */; };
		3E6DBCBB2011477E00BA2C88 /* Main.storyboard in Resources */ = {isa = PBXBuildFile; fileRef = 3E6DBCB92011477E00BA2C88 /* Main.storyboard */; };
		3E6DBCBD2011477E00BA2C88 /* Assets.xcassets in Resources */ = {isa = PBXBuildFile; fileRef = 3E6DBCBC2011477E00BA2C88 /* Assets.xcassets */; };
		3E6DBCC02011477E00BA2C88 /* LaunchScreen.storyboard in Resources */ = {isa = PBXBuildFile; fileRef = 3E6DBCBE2011477E00BA2C88 /* LaunchScreen.storyboard */; };
		3E6DBCC920114BBD00BA2C88 /* EstimoteSDK.framework in Frameworks */ = {isa = PBXBuildFile; fileRef = 3E6DBCC820114BBD00BA2C88 /* EstimoteSDK.framework */; };
		3E6DBCCB20114C8E00BA2C88 /* EstimoteSDK.framework in Frameworks */ = {isa = PBXBuildFile; fileRef = 3E6DBCCA20114C8E00BA2C88 /* EstimoteSDK.framework */; };
		3EB699B92016C9A100234C0F /* ReminderCell.swift in Sources */ = {isa = PBXBuildFile; fileRef = 3EB699B82016C9A100234C0F /* ReminderCell.swift */; };
		3EB699BB2016CA4200234C0F /* BeaconCell.swift in Sources */ = {isa = PBXBuildFile; fileRef = 3EB699BA2016CA4200234C0F /* BeaconCell.swift */; };
		3EB699C22016D9BC00234C0F /* CoreData.framework in Frameworks */ = {isa = PBXBuildFile; fileRef = 3EB699C12016D9BC00234C0F /* CoreData.framework */; };
		3EB699C52016DAEE00234C0F /* BBRS.xcdatamodeld in Sources */ = {isa = PBXBuildFile; fileRef = 3EB699C32016DAEE00234C0F /* BBRS.xcdatamodeld */; };
		3EB699ED2016E3E800234C0F /* BeaconMO+CoreDataClass.swift in Sources */ = {isa = PBXBuildFile; fileRef = 3EB699E92016E3E800234C0F /* BeaconMO+CoreDataClass.swift */; };
		3EB699EE2016E3E800234C0F /* BeaconMO+CoreDataProperties.swift in Sources */ = {isa = PBXBuildFile; fileRef = 3EB699EA2016E3E800234C0F /* BeaconMO+CoreDataProperties.swift */; };
		3EB699EF2016E3E800234C0F /* Reminder+CoreDataClass.swift in Sources */ = {isa = PBXBuildFile; fileRef = 3EB699EB2016E3E800234C0F /* Reminder+CoreDataClass.swift */; };
		3EB699F02016E3E800234C0F /* Reminder+CoreDataProperties.swift in Sources */ = {isa = PBXBuildFile; fileRef = 3EB699EC2016E3E800234C0F /* Reminder+CoreDataProperties.swift */; };
/* End PBXBuildFile section */

/* Begin PBXFileReference section */
		3E6DBCB22011477E00BA2C88 /* BBRS.app */ = {isa = PBXFileReference; explicitFileType = wrapper.application; includeInIndex = 0; path = BBRS.app; sourceTree = BUILT_PRODUCTS_DIR; };
		3E6DBCB52011477E00BA2C88 /* AppDelegate.swift */ = {isa = PBXFileReference; lastKnownFileType = sourcecode.swift; path = AppDelegate.swift; sourceTree = "<group>"; };
		3E6DBCB72011477E00BA2C88 /* ViewController.swift */ = {isa = PBXFileReference; lastKnownFileType = sourcecode.swift; path = ViewController.swift; sourceTree = "<group>"; };
		3E6DBCBA2011477E00BA2C88 /* Base */ = {isa = PBXFileReference; lastKnownFileType = file.storyboard; name = Base; path = Base.lproj/Main.storyboard; sourceTree = "<group>"; };
		3E6DBCBC2011477E00BA2C88 /* Assets.xcassets */ = {isa = PBXFileReference; lastKnownFileType = folder.assetcatalog; path = Assets.xcassets; sourceTree = "<group>"; };
		3E6DBCBF2011477E00BA2C88 /* Base */ = {isa = PBXFileReference; lastKnownFileType = file.storyboard; name = Base; path = Base.lproj/LaunchScreen.storyboard; sourceTree = "<group>"; };
		3E6DBCC12011477E00BA2C88 /* Info.plist */ = {isa = PBXFileReference; lastKnownFileType = text.plist.xml; path = Info.plist; sourceTree = "<group>"; };
		3E6DBCC820114BBD00BA2C88 /* EstimoteSDK.framework */ = {isa = PBXFileReference; lastKnownFileType = wrapper.framework; name = EstimoteSDK.framework; path = "../../Downloads/iOS-SDK-master/EstimoteSDK/EstimoteSDK.framework"; sourceTree = "<group>"; };
		3E6DBCCA20114C8E00BA2C88 /* EstimoteSDK.framework */ = {isa = PBXFileReference; lastKnownFileType = wrapper.framework; path = EstimoteSDK.framework; sourceTree = "<group>"; };
		3E6DBCCC20114FE900BA2C88 /* ObjCBridge.h */ = {isa = PBXFileReference; lastKnownFileType = sourcecode.c.h; path = ObjCBridge.h; sourceTree = "<group>"; };
		3EB699B82016C9A100234C0F /* ReminderCell.swift */ = {isa = PBXFileReference; lastKnownFileType = sourcecode.swift; path = ReminderCell.swift; sourceTree = "<group>"; };
		3EB699BA2016CA4200234C0F /* BeaconCell.swift */ = {isa = PBXFileReference; lastKnownFileType = sourcecode.swift; path = BeaconCell.swift; sourceTree = "<group>"; };
		3EB699C12016D9BC00234C0F /* CoreData.framework */ = {isa = PBXFileReference; lastKnownFileType = wrapper.framework; name = CoreData.framework; path = System/Library/Frameworks/CoreData.framework; sourceTree = SDKROOT; };
		3EB699C42016DAEE00234C0F /* BBRS.xcdatamodel */ = {isa = PBXFileReference; lastKnownFileType = wrapper.xcdatamodel; path = BBRS.xcdatamodel; sourceTree = "<group>"; };
		3EB699E92016E3E800234C0F /* BeaconMO+CoreDataClass.swift */ = {isa = PBXFileReference; lastKnownFileType = sourcecode.swift; path = "BeaconMO+CoreDataClass.swift"; sourceTree = "<group>"; };
		3EB699EA2016E3E800234C0F /* BeaconMO+CoreDataProperties.swift */ = {isa = PBXFileReference; lastKnownFileType = sourcecode.swift; path = "BeaconMO+CoreDataProperties.swift"; sourceTree = "<group>"; };
		3EB699EB2016E3E800234C0F /* Reminder+CoreDataClass.swift */ = {isa = PBXFileReference; lastKnownFileType = sourcecode.swift; path = "Reminder+CoreDataClass.swift"; sourceTree = "<group>"; };
		3EB699EC2016E3E800234C0F /* Reminder+CoreDataProperties.swift */ = {isa = PBXFileReference; lastKnownFileType = sourcecode.swift; path = "Reminder+CoreDataProperties.swift"; sourceTree = "<group>"; };
/* End PBXFileReference section */

/* Begin PBXFrameworksBuildPhase section */
		3E6DBCAF2011477E00BA2C88 /* Frameworks */ = {
			isa = PBXFrameworksBuildPhase;
			buildActionMask = 2147483647;
			files = (
				3EB699C22016D9BC00234C0F /* CoreData.framework in Frameworks */,
				3E6DBCC920114BBD00BA2C88 /* EstimoteSDK.framework in Frameworks */,
				3E6DBCCB20114C8E00BA2C88 /* EstimoteSDK.framework in Frameworks */,
			);
			runOnlyForDeploymentPostprocessing = 0;
		};
/* End PBXFrameworksBuildPhase section */

/* Begin PBXGroup section */
		3E6DBCA92011477E00BA2C88 = {
			isa = PBXGroup;
			children = (
				3E6DBCB42011477E00BA2C88 /* BBRS */,
				3E6DBCB32011477E00BA2C88 /* Products */,
				3E6DBCC720114BBD00BA2C88 /* Frameworks */,
			);
			sourceTree = "<group>";
		};
		3E6DBCB32011477E00BA2C88 /* Products */ = {
			isa = PBXGroup;
			children = (
				3E6DBCB22011477E00BA2C88 /* BBRS.app */,
			);
			name = Products;
			sourceTree = "<group>";
		};
		3E6DBCB42011477E00BA2C88 /* BBRS */ = {
			isa = PBXGroup;
			children = (
				3EB699E92016E3E800234C0F /* BeaconMO+CoreDataClass.swift */,
				3EB699EA2016E3E800234C0F /* BeaconMO+CoreDataProperties.swift */,
				3EB699EB2016E3E800234C0F /* Reminder+CoreDataClass.swift */,
				3EB699EC2016E3E800234C0F /* Reminder+CoreDataProperties.swift */,
				3EB699C32016DAEE00234C0F /* BBRS.xcdatamodeld */,
				3E6DBCCC20114FE900BA2C88 /* ObjCBridge.h */,
				3E6DBCB52011477E00BA2C88 /* AppDelegate.swift */,
				3E6DBCB72011477E00BA2C88 /* ViewController.swift */,
				3E6DBCB92011477E00BA2C88 /* Main.storyboard */,
				3E6DBCBC2011477E00BA2C88 /* Assets.xcassets */,
				3E6DBCBE2011477E00BA2C88 /* LaunchScreen.storyboard */,
				3E6DBCC12011477E00BA2C88 /* Info.plist */,
				3EB699B82016C9A100234C0F /* ReminderCell.swift */,
				3EB699BA2016CA4200234C0F /* BeaconCell.swift */,
			);
			path = BBRS;
			sourceTree = "<group>";
		};
		3E6DBCC720114BBD00BA2C88 /* Frameworks */ = {
			isa = PBXGroup;
			children = (
				3EB699C12016D9BC00234C0F /* CoreData.framework */,
				3E6DBCCA20114C8E00BA2C88 /* EstimoteSDK.framework */,
				3E6DBCC820114BBD00BA2C88 /* EstimoteSDK.framework */,
			);
			name = Frameworks;
			sourceTree = "<group>";
		};
/* End PBXGroup section */

/* Begin PBXNativeTarget section */
		3E6DBCB12011477E00BA2C88 /* BBRS */ = {
			isa = PBXNativeTarget;
			buildConfigurationList = 3E6DBCC42011477E00BA2C88 /* Build configuration list for PBXNativeTarget "BBRS" */;
			buildPhases = (
				3E6DBCAE2011477E00BA2C88 /* Sources */,
				3E6DBCAF2011477E00BA2C88 /* Frameworks */,
				3E6DBCB02011477E00BA2C88 /* Resources */,
			);
			buildRules = (
			);
			dependencies = (
			);
			name = BBRS;
			productName = BBRS;
			productReference = 3E6DBCB22011477E00BA2C88 /* BBRS.app */;
			productType = "com.apple.product-type.application";
		};
/* End PBXNativeTarget section */

/* Begin PBXProject section */
		3E6DBCAA2011477E00BA2C88 /* Project object */ = {
			isa = PBXProject;
			attributes = {
				LastSwiftUpdateCheck = 0920;
				LastUpgradeCheck = 0920;
				ORGANIZATIONNAME = "Mitchell Emery";
				TargetAttributes = {
					3E6DBCB12011477E00BA2C88 = {
						CreatedOnToolsVersion = 9.2;
						ProvisioningStyle = Automatic;
					};
				};
			};
			buildConfigurationList = 3E6DBCAD2011477E00BA2C88 /* Build configuration list for PBXProject "BBRS" */;
			compatibilityVersion = "Xcode 8.0";
			developmentRegion = en;
			hasScannedForEncodings = 0;
			knownRegions = (
				en,
				Base,
			);
			mainGroup = 3E6DBCA92011477E00BA2C88;
			productRefGroup = 3E6DBCB32011477E00BA2C88 /* Products */;
			projectDirPath = "";
			projectRoot = "";
			targets = (
				3E6DBCB12011477E00BA2C88 /* BBRS */,
			);
		};
/* End PBXProject section */

/* Begin PBXResourcesBuildPhase section */
		3E6DBCB02011477E00BA2C88 /* Resources */ = {
			isa = PBXResourcesBuildPhase;
			buildActionMask = 2147483647;
			files = (
				3E6DBCC02011477E00BA2C88 /* LaunchScreen.storyboard in Resources */,
				3E6DBCBD2011477E00BA2C88 /* Assets.xcassets in Resources */,
				3E6DBCBB2011477E00BA2C88 /* Main.storyboard in Resources */,
			);
			runOnlyForDeploymentPostprocessing = 0;
		};
/* End PBXResourcesBuildPhase section */

/* Begin PBXSourcesBuildPhase section */
		3E6DBCAE2011477E00BA2C88 /* Sources */ = {
			isa = PBXSourcesBuildPhase;
			buildActionMask = 2147483647;
			files = (
				3E6DBCB82011477E00BA2C88 /* ViewController.swift in Sources */,
				3EB699EF2016E3E800234C0F /* Reminder+CoreDataClass.swift in Sources */,
				3EB699C52016DAEE00234C0F /* BBRS.xcdatamodeld in Sources */,
				3EB699B92016C9A100234C0F /* ReminderCell.swift in Sources */,
				3EB699ED2016E3E800234C0F /* BeaconMO+CoreDataClass.swift in Sources */,
				3EB699EE2016E3E800234C0F /* BeaconMO+CoreDataProperties.swift in Sources */,
				3E6DBCB62011477E00BA2C88 /* AppDelegate.swift in Sources */,
				3EB699BB2016CA4200234C0F /* BeaconCell.swift in Sources */,
				3EB699F02016E3E800234C0F /* Reminder+CoreDataProperties.swift in Sources */,
			);
			runOnlyForDeploymentPostprocessing = 0;
		};
/* End PBXSourcesBuildPhase section */

/* Begin PBXVariantGroup section */
		3E6DBCB92011477E00BA2C88 /* Main.storyboard */ = {
			isa = PBXVariantGroup;
			children = (
				3E6DBCBA2011477E00BA2C88 /* Base */,
			);
			name = Main.storyboard;
			sourceTree = "<group>";
		};
		3E6DBCBE2011477E00BA2C88 /* LaunchScreen.storyboard */ = {
			isa = PBXVariantGroup;
			children = (
				3E6DBCBF2011477E00BA2C88 /* Base */,
			);
			name = LaunchScreen.storyboard;
			sourceTree = "<group>";
		};
/* End PBXVariantGroup section */

/* Begin XCBuildConfiguration section */
		3E6DBCC22011477E00BA2C88 /* Debug */ = {
			isa = XCBuildConfiguration;
			buildSettings = {
				ALWAYS_SEARCH_USER_PATHS = NO;
				CLANG_ANALYZER_NONNULL = YES;
				CLANG_ANALYZER_NUMBER_OBJECT_CONVERSION = YES_AGGRESSIVE;
				CLANG_CXX_LANGUAGE_STANDARD = "gnu++14";
				CLANG_CXX_LIBRARY = "libc++";
				CLANG_ENABLE_MODULES = YES;
				CLANG_ENABLE_OBJC_ARC = YES;
				CLANG_WARN_BLOCK_CAPTURE_AUTORELEASING = YES;
				CLANG_WARN_BOOL_CONVERSION = YES;
				CLANG_WARN_COMMA = YES;
				CLANG_WARN_CONSTANT_CONVERSION = YES;
				CLANG_WARN_DIRECT_OBJC_ISA_USAGE = YES_ERROR;
				CLANG_WARN_DOCUMENTATION_COMMENTS = YES;
				CLANG_WARN_EMPTY_BODY = YES;
				CLANG_WARN_ENUM_CONVERSION = YES;
				CLANG_WARN_INFINITE_RECURSION = YES;
				CLANG_WARN_INT_CONVERSION = YES;
				CLANG_WARN_NON_LITERAL_NULL_CONVERSION = YES;
				CLANG_WARN_OBJC_LITERAL_CONVERSION = YES;
				CLANG_WARN_OBJC_ROOT_CLASS = YES_ERROR;
				CLANG_WARN_RANGE_LOOP_ANALYSIS = YES;
				CLANG_WARN_STRICT_PROTOTYPES = YES;
				CLANG_WARN_SUSPICIOUS_MOVE = YES;
				CLANG_WARN_UNGUARDED_AVAILABILITY = YES_AGGRESSIVE;
				CLANG_WARN_UNREACHABLE_CODE = YES;
				CLANG_WARN__DUPLICATE_METHOD_MATCH = YES;
				CODE_SIGN_IDENTITY = "iPhone Developer";
				COPY_PHASE_STRIP = NO;
				DEBUG_INFORMATION_FORMAT = dwarf;
				ENABLE_STRICT_OBJC_MSGSEND = YES;
				ENABLE_TESTABILITY = YES;
				GCC_C_LANGUAGE_STANDARD = gnu11;
				GCC_DYNAMIC_NO_PIC = NO;
				GCC_NO_COMMON_BLOCKS = YES;
				GCC_OPTIMIZATION_LEVEL = 0;
				GCC_PREPROCESSOR_DEFINITIONS = (
					"DEBUG=1",
					"$(inherited)",
				);
				GCC_WARN_64_TO_32_BIT_CONVERSION = YES;
				GCC_WARN_ABOUT_RETURN_TYPE = YES_ERROR;
				GCC_WARN_UNDECLARED_SELECTOR = YES;
				GCC_WARN_UNINITIALIZED_AUTOS = YES_AGGRESSIVE;
				GCC_WARN_UNUSED_FUNCTION = YES;
				GCC_WARN_UNUSED_VARIABLE = YES;
				IPHONEOS_DEPLOYMENT_TARGET = 11.2;
				MTL_ENABLE_DEBUG_INFO = YES;
				ONLY_ACTIVE_ARCH = YES;
				SDKROOT = iphoneos;
				SWIFT_ACTIVE_COMPILATION_CONDITIONS = DEBUG;
				SWIFT_OPTIMIZATION_LEVEL = "-Onone";
			};
			name = Debug;
		};
		3E6DBCC32011477E00BA2C88 /* Release */ = {
			isa = XCBuildConfiguration;
			buildSettings = {
				ALWAYS_SEARCH_USER_PATHS = NO;
				CLANG_ANALYZER_NONNULL = YES;
				CLANG_ANALYZER_NUMBER_OBJECT_CONVERSION = YES_AGGRESSIVE;
				CLANG_CXX_LANGUAGE_STANDARD = "gnu++14";
				CLANG_CXX_LIBRARY = "libc++";
				CLANG_ENABLE_MODULES = YES;
				CLANG_ENABLE_OBJC_ARC = YES;
				CLANG_WARN_BLOCK_CAPTURE_AUTORELEASING = YES;
				CLANG_WARN_BOOL_CONVERSION = YES;
				CLANG_WARN_COMMA = YES;
				CLANG_WARN_CONSTANT_CONVERSION = YES;
				CLANG_WARN_DIRECT_OBJC_ISA_USAGE = YES_ERROR;
				CLANG_WARN_DOCUMENTATION_COMMENTS = YES;
				CLANG_WARN_EMPTY_BODY = YES;
				CLANG_WARN_ENUM_CONVERSION = YES;
				CLANG_WARN_INFINITE_RECURSION = YES;
				CLANG_WARN_INT_CONVERSION = YES;
				CLANG_WARN_NON_LITERAL_NULL_CONVERSION = YES;
				CLANG_WARN_OBJC_LITERAL_CONVERSION = YES;
				CLANG_WARN_OBJC_ROOT_CLASS = YES_ERROR;
				CLANG_WARN_RANGE_LOOP_ANALYSIS = YES;
				CLANG_WARN_STRICT_PROTOTYPES = YES;
				CLANG_WARN_SUSPICIOUS_MOVE = YES;
				CLANG_WARN_UNGUARDED_AVAILABILITY = YES_AGGRESSIVE;
				CLANG_WARN_UNREACHABLE_CODE = YES;
				CLANG_WARN__DUPLICATE_METHOD_MATCH = YES;
				CODE_SIGN_IDENTITY = "iPhone Developer";
				COPY_PHASE_STRIP = NO;
				DEBUG_INFORMATION_FORMAT = "dwarf-with-dsym";
				ENABLE_NS_ASSERTIONS = NO;
				ENABLE_STRICT_OBJC_MSGSEND = YES;
				GCC_C_LANGUAGE_STANDARD = gnu11;
				GCC_NO_COMMON_BLOCKS = YES;
				GCC_WARN_64_TO_32_BIT_CONVERSION = YES;
				GCC_WARN_ABOUT_RETURN_TYPE = YES_ERROR;
				GCC_WARN_UNDECLARED_SELECTOR = YES;
				GCC_WARN_UNINITIALIZED_AUTOS = YES_AGGRESSIVE;
				GCC_WARN_UNUSED_FUNCTION = YES;
				GCC_WARN_UNUSED_VARIABLE = YES;
				IPHONEOS_DEPLOYMENT_TARGET = 11.2;
				MTL_ENABLE_DEBUG_INFO = NO;
				SDKROOT = iphoneos;
				SWIFT_OPTIMIZATION_LEVEL = "-Owholemodule";
				VALIDATE_PRODUCT = YES;
			};
			name = Release;
		};
		3E6DBCC52011477E00BA2C88 /* Debug */ = {
			isa = XCBuildConfiguration;
			buildSettings = {
				ASSETCATALOG_COMPILER_APPICON_NAME = AppIcon;
				CODE_SIGN_STYLE = Automatic;
				DEVELOPMENT_TEAM = YDZFEQK62W;
				FRAMEWORK_SEARCH_PATHS = (
					"$(inherited)",
					"$(PROJECT_DIR)",
				);
				INFOPLIST_FILE = BBRS/Info.plist;
				LD_RUNPATH_SEARCH_PATHS = "$(inherited) @executable_path/Frameworks";
				PRODUCT_BUNDLE_IDENTIFIER = mitchemery.BBRS;
				PRODUCT_NAME = "$(TARGET_NAME)";
				"SWIFT_OBJC_BRIDGING_HEADER[arch=*]" = "${BBRS}BBRS/ObjCBridge.h";
				SWIFT_PRECOMPILE_BRIDGING_HEADER = YES;
				SWIFT_VERSION = 4.0;
				TARGETED_DEVICE_FAMILY = "1,2";
			};
			name = Debug;
		};
		3E6DBCC62011477E00BA2C88 /* Release */ = {
			isa = XCBuildConfiguration;
			buildSettings = {
				ASSETCATALOG_COMPILER_APPICON_NAME = AppIcon;
				CODE_SIGN_STYLE = Automatic;
				DEVELOPMENT_TEAM = YDZFEQK62W;
				FRAMEWORK_SEARCH_PATHS = (
					"$(inherited)",
					"$(PROJECT_DIR)",
				);
				INFOPLIST_FILE = BBRS/Info.plist;
				LD_RUNPATH_SEARCH_PATHS = "$(inherited) @executable_path/Frameworks";
				PRODUCT_BUNDLE_IDENTIFIER = mitchemery.BBRS;
				PRODUCT_NAME = "$(TARGET_NAME)";
				"SWIFT_OBJC_BRIDGING_HEADER[arch=*]" = "${BBRS}BBRS/ObjCBridge.h";
				SWIFT_PRECOMPILE_BRIDGING_HEADER = YES;
				SWIFT_VERSION = 4.0;
				TARGETED_DEVICE_FAMILY = "1,2";
			};
			name = Release;
		};
/* End XCBuildConfiguration section */

/* Begin XCConfigurationList section */
		3E6DBCAD2011477E00BA2C88 /* Build configuration list for PBXProject "BBRS" */ = {
			isa = XCConfigurationList;
			buildConfigurations = (
				3E6DBCC22011477E00BA2C88 /* Debug */,
				3E6DBCC32011477E00BA2C88 /* Release */,
			);
			defaultConfigurationIsVisible = 0;
			defaultConfigurationName = Release;
		};
		3E6DBCC42011477E00BA2C88 /* Build configuration list for PBXNativeTarget "BBRS" */ = {
			isa = XCConfigurationList;
			buildConfigurations = (
				3E6DBCC52011477E00BA2C88 /* Debug */,
				3E6DBCC62011477E00BA2C88 /* Release */,
			);
			defaultConfigurationIsVisible = 0;
			defaultConfigurationName = Release;
		};
/* End XCConfigurationList section */

/* Begin XCVersionGroup section */
		3EB699C32016DAEE00234C0F /* BBRS.xcdatamodeld */ = {
			isa = XCVersionGroup;
			children = (
				3EB699C42016DAEE00234C0F /* BBRS.xcdatamodel */,
			);
			currentVersion = 3EB699C42016DAEE00234C0F /* BBRS.xcdatamodel */;
			path = BBRS.xcdatamodeld;
			sourceTree = "<group>";
			versionGroupType = wrapper.xcdatamodel;
		};
/* End XCVersionGroup section */
	};
	rootObject = 3E6DBCAA2011477E00BA2C88 /* Project object */;
}
